// !$*UTF8*$!
{
	archiveVersion = 1;
	classes = {
	};
	objectVersion = 46;
	objects = {

/* Begin PBXBuildFile section */
		960CFCDC1D011476003CE2D6 /* UploadService.swift in Sources */ = {isa = PBXBuildFile; fileRef = 960CFCDB1D011476003CE2D6 /* UploadService.swift */; };
		964748A21D001368004EEC5E /* AppDelegate.swift in Sources */ = {isa = PBXBuildFile; fileRef = 964748A11D001368004EEC5E /* AppDelegate.swift */; };
		964748A41D001368004EEC5E /* Assets.xcassets in Resources */ = {isa = PBXBuildFile; fileRef = 964748A31D001368004EEC5E /* Assets.xcassets */; };
		964748A71D001368004EEC5E /* MainMenu.xib in Resources */ = {isa = PBXBuildFile; fileRef = 964748A51D001368004EEC5E /* MainMenu.xib */; };
		964748B01D00138D004EEC5E /* MainWindowController.swift in Sources */ = {isa = PBXBuildFile; fileRef = 964748AE1D00138D004EEC5E /* MainWindowController.swift */; };
		964748B11D00138D004EEC5E /* MainWindowController.xib in Resources */ = {isa = PBXBuildFile; fileRef = 964748AF1D00138D004EEC5E /* MainWindowController.xib */; };
/* End PBXBuildFile section */

/* Begin PBXFileReference section */
		960CFCDB1D011476003CE2D6 /* UploadService.swift */ = {isa = PBXFileReference; fileEncoding = 4; lastKnownFileType = sourcecode.swift; path = UploadService.swift; sourceTree = "<group>"; };
		9647489E1D001368004EEC5E /* UploadImageDemo.app */ = {isa = PBXFileReference; explicitFileType = wrapper.application; includeInIndex = 0; path = UploadImageDemo.app; sourceTree = BUILT_PRODUCTS_DIR; };
		964748A11D001368004EEC5E /* AppDelegate.swift */ = {isa = PBXFileReference; lastKnownFileType = sourcecode.swift; path = AppDelegate.swift; sourceTree = "<group>"; };
		964748A31D001368004EEC5E /* Assets.xcassets */ = {isa = PBXFileReference; lastKnownFileType = folder.assetcatalog; path = Assets.xcassets; sourceTree = "<group>"; };
		964748A61D001368004EEC5E /* Base */ = {isa = PBXFileReference; lastKnownFileType = file.xib; name = Base; path = Base.lproj/MainMenu.xib; sourceTree = "<group>"; };
		964748A81D001368004EEC5E /* Info.plist */ = {isa = PBXFileReference; lastKnownFileType = text.plist.xml; path = Info.plist; sourceTree = "<group>"; };
		964748AE1D00138D004EEC5E /* MainWindowController.swift */ = {isa = PBXFileReference; fileEncoding = 4; lastKnownFileType = sourcecode.swift; path = MainWindowController.swift; sourceTree = "<group>"; };
		964748AF1D00138D004EEC5E /* MainWindowController.xib */ = {isa = PBXFileReference; fileEncoding = 4; lastKnownFileType = file.xib; path = MainWindowController.xib; sourceTree = "<group>"; };
/* End PBXFileReference section */

/* Begin PBXFrameworksBuildPhase section */
		9647489B1D001368004EEC5E /* Frameworks */ = {
			isa = PBXFrameworksBuildPhase;
			buildActionMask = 2147483647;
			files = (
			);
			runOnlyForDeploymentPostprocessing = 0;
		};
/* End PBXFrameworksBuildPhase section */

/* Begin PBXGroup section */
		964748951D001368004EEC5E = {
			isa = PBXGroup;
			children = (
				964748A01D001368004EEC5E /* UploadImageDemo */,
				9647489F1D001368004EEC5E /* Products */,
			);
			sourceTree = "<group>";
		};
		9647489F1D001368004EEC5E /* Products */ = {
			isa = PBXGroup;
			children = (
				9647489E1D001368004EEC5E /* UploadImageDemo.app */,
			);
			name = Products;
			sourceTree = "<group>";
		};
		964748A01D001368004EEC5E /* UploadImageDemo */ = {
			isa = PBXGroup;
			children = (
				960CFCDB1D011476003CE2D6 /* UploadService.swift */,
				964748AE1D00138D004EEC5E /* MainWindowController.swift */,
				964748AF1D00138D004EEC5E /* MainWindowController.xib */,
				964748A11D001368004EEC5E /* AppDelegate.swift */,
				964748A31D001368004EEC5E /* Assets.xcassets */,
				964748A51D001368004EEC5E /* MainMenu.xib */,
				964748A81D001368004EEC5E /* Info.plist */,
			);
			path = UploadImageDemo;
			sourceTree = "<group>";
		};
/* End PBXGroup section */

/* Begin PBXNativeTarget section */
		9647489D1D001368004EEC5E /* UploadImageDemo */ = {
			isa = PBXNativeTarget;
			buildConfigurationList = 964748AB1D001368004EEC5E /* Build configuration list for PBXNativeTarget "UploadImageDemo" */;
			buildPhases = (
				9647489A1D001368004EEC5E /* Sources */,
				9647489B1D001368004EEC5E /* Frameworks */,
				9647489C1D001368004EEC5E /* Resources */,
			);
			buildRules = (
			);
			dependencies = (
			);
			name = UploadImageDemo;
			productName = UploadImageDemo;
			productReference = 9647489E1D001368004EEC5E /* UploadImageDemo.app */;
			productType = "com.apple.product-type.application";
		};
/* End PBXNativeTarget section */

/* Begin PBXProject section */
		964748961D001368004EEC5E /* Project object */ = {
			isa = PBXProject;
			attributes = {
				LastSwiftUpdateCheck = 0730;
				LastUpgradeCheck = 0730;
				ORGANIZATIONNAME = "Jason Zheng";
				TargetAttributes = {
					9647489D1D001368004EEC5E = {
						CreatedOnToolsVersion = 7.3;
					};
				};
			};
			buildConfigurationList = 964748991D001368004EEC5E /* Build configuration list for PBXProject "UploadImageDemo" */;
			compatibilityVersion = "Xcode 3.2";
			developmentRegion = English;
			hasScannedForEncodings = 0;
			knownRegions = (
				en,
				Base,
			);
			mainGroup = 964748951D001368004EEC5E;
			productRefGroup = 9647489F1D001368004EEC5E /* Products */;
			projectDirPath = "";
			projectRoot = "";
			targets = (
				9647489D1D001368004EEC5E /* UploadImageDemo */,
			);
		};
/* End PBXProject section */

/* Begin PBXResourcesBuildPhase section */
		9647489C1D001368004EEC5E /* Resources */ = {
			isa = PBXResourcesBuildPhase;
			buildActionMask = 2147483647;
			files = (
				964748A41D001368004EEC5E /* Assets.xcassets in Resources */,
				964748B11D00138D004EEC5E /* MainWindowController.xib in Resources */,
				964748A71D001368004EEC5E /* MainMenu.xib in Resources */,
			);
			runOnlyForDeploymentPostprocessing = 0;
		};
/* End PBXResourcesBuildPhase section */

/* Begin PBXSourcesBuildPhase section */
		9647489A1D001368004EEC5E /* Sources */ = {
			isa = PBXSourcesBuildPhase;
			buildActionMask = 2147483647;
			files = (
				960CFCDC1D011476003CE2D6 /* UploadService.swift in Sources */,
				964748B01D00138D004EEC5E /* MainWindowController.swift in Sources */,
				964748A21D001368004EEC5E /* AppDelegate.swift in Sources */,
			);
			runOnlyForDeploymentPostprocessing = 0;
		};
/* End PBXSourcesBuildPhase section */

/* Begin PBXVariantGroup section */
		964748A51D001368004EEC5E /* MainMenu.xib */ = {
			isa = PBXVariantGroup;
			children = (
				964748A61D001368004EEC5E /* Base */,
			);
			name = MainMenu.xib;
			sourceTree = "<group>";
		};
/* End PBXVariantGroup section */

/* Begin XCBuildConfiguration section */
		964748A91D001368004EEC5E /* Debug */ = {
			isa = XCBuildConfiguration;
			buildSettings = {
				ALWAYS_SEARCH_USER_PATHS = NO;
				CLANG_ANALYZER_NONNULL = YES;
				CLANG_CXX_LANGUAGE_STANDARD = "gnu++0x";
				CLANG_CXX_LIBRARY = "libc++";
				CLANG_ENABLE_MODULES = YES;
				CLANG_ENABLE_OBJC_ARC = YES;
				CLANG_WARN_BOOL_CONVERSION = YES;
				CLANG_WARN_CONSTANT_CONVERSION = YES;
				CLANG_WARN_DIRECT_OBJC_ISA_USAGE = YES_ERROR;
				CLANG_WARN_EMPTY_BODY = YES;
				CLANG_WARN_ENUM_CONVERSION = YES;
				CLANG_WARN_INT_CONVERSION = YES;
				CLANG_WARN_OBJC_ROOT_CLASS = YES_ERROR;
				CLANG_WARN_UNREACHABLE_CODE = YES;
				CLANG_WARN__DUPLICATE_METHOD_MATCH = YES;
				CODE_SIGN_IDENTITY = "-";
				COPY_PHASE_STRIP = NO;
				DEBUG_INFORMATION_FORMAT = dwarf;
				ENABLE_STRICT_OBJC_MSGSEND = YES;
				ENABLE_TESTABILITY = YES;
				GCC_C_LANGUAGE_STANDARD = gnu99;
				GCC_DYNAMIC_NO_PIC = NO;
				GCC_NO_COMMON_BLOCKS = YES;
				GCC_OPTIMIZATION_LEVEL = 0;
				GCC_PREPROCESSOR_DEFINITIONS = (
					"DEBUG=1",
					"$(inherited)",
				);
				GCC_WARN_64_TO_32_BIT_CONVERSION = YES;
				GCC_WARN_ABOUT_RETURN_TYPE = YES_ERROR;
				GCC_WARN_UNDECLARED_SELECTOR = YES;
				GCC_WARN_UNINITIALIZED_AUTOS = YES_AGGRESSIVE;
				GCC_WARN_UNUSED_FUNCTION = YES;
				GCC_WARN_UNUSED_VARIABLE = YES;
				MACOSX_DEPLOYMENT_TARGET = 10.11;
				MTL_ENABLE_DEBUG_INFO = YES;
				ONLY_ACTIVE_ARCH = YES;
				SDKROOT = macosx;
				SWIFT_OPTIMIZATION_LEVEL = "-Onone";
			};
			name = Debug;
		};
		964748AA1D001368004EEC5E /* Release */ = {
			isa = XCBuildConfiguration;
			buildSettings = {
				ALWAYS_SEARCH_USER_PATHS = NO;
				CLANG_ANALYZER_NONNULL = YES;
				CLANG_CXX_LANGUAGE_STANDARD = "gnu++0x";
				CLANG_CXX_LIBRARY = "libc++";
				CLANG_ENABLE_MODULES = YES;
				CLANG_ENABLE_OBJC_ARC = YES;
				CLANG_WARN_BOOL_CONVERSION = YES;
				CLANG_WARN_CONSTANT_CONVERSION = YES;
				CLANG_WARN_DIRECT_OBJC_ISA_USAGE = YES_ERROR;
				CLANG_WARN_EMPTY_BODY = YES;
				CLANG_WARN_ENUM_CONVERSION = YES;
				CLANG_WARN_INT_CONVERSION = YES;
				CLANG_WARN_OBJC_ROOT_CLASS = YES_ERROR;
				CLANG_WARN_UNREACHABLE_CODE = YES;
				CLANG_WARN__DUPLICATE_METHOD_MATCH = YES;
				CODE_SIGN_IDENTITY = "-";
				COPY_PHASE_STRIP = NO;
				DEBUG_INFORMATION_FORMAT = "dwarf-with-dsym";
				ENABLE_NS_ASSERTIONS = NO;
				ENABLE_STRICT_OBJC_MSGSEND = YES;
				GCC_C_LANGUAGE_STANDARD = gnu99;
				GCC_NO_COMMON_BLOCKS = YES;
				GCC_WARN_64_TO_32_BIT_CONVERSION = YES;
				GCC_WARN_ABOUT_RETURN_TYPE = YES_ERROR;
				GCC_WARN_UNDECLARED_SELECTOR = YES;
				GCC_WARN_UNINITIALIZED_AUTOS = YES_AGGRESSIVE;
				GCC_WARN_UNUSED_FUNCTION = YES;
				GCC_WARN_UNUSED_VARIABLE = YES;
				MACOSX_DEPLOYMENT_TARGET = 10.11;
				MTL_ENABLE_DEBUG_INFO = NO;
				SDKROOT = macosx;
			};
			name = Release;
		};
		964748AC1D001368004EEC5E /* Debug */ = {
			isa = XCBuildConfiguration;
			buildSettings = {
				ASSETCATALOG_COMPILER_APPICON_NAME = AppIcon;
				COMBINE_HIDPI_IMAGES = YES;
				INFOPLIST_FILE = UploadImageDemo/Info.plist;
				LD_RUNPATH_SEARCH_PATHS = "$(inherited) @executable_path/../Frameworks";
				PRODUCT_BUNDLE_IDENTIFIER = net.toolinbox.ipic.UploadImageDemo;
				PRODUCT_NAME = "$(TARGET_NAME)";
			};
			name = Debug;
		};
		964748AD1D001368004EEC5E /* Release */ = {
			isa = XCBuildConfiguration;
			buildSettings = {
				ASSETCATALOG_COMPILER_APPICON_NAME = AppIcon;
				COMBINE_HIDPI_IMAGES = YES;
				INFOPLIST_FILE = UploadImageDemo/Info.plist;
				LD_RUNPATH_SEARCH_PATHS = "$(inherited) @executable_path/../Frameworks";
				PRODUCT_BUNDLE_IDENTIFIER = net.toolinbox.ipic.UploadImageDemo;
				PRODUCT_NAME = "$(TARGET_NAME)";
			};
			name = Release;
		};
/* End XCBuildConfiguration section */

/* Begin XCConfigurationList section */
		964748991D001368004EEC5E /* Build configuration list for PBXProject "UploadImageDemo" */ = {
			isa = XCConfigurationList;
			buildConfigurations = (
				964748A91D001368004EEC5E /* Debug */,
				964748AA1D001368004EEC5E /* Release */,
			);
			defaultConfigurationIsVisible = 0;
			defaultConfigurationName = Release;
		};
		964748AB1D001368004EEC5E /* Build configuration list for PBXNativeTarget "UploadImageDemo" */ = {
			isa = XCConfigurationList;
			buildConfigurations = (
				964748AC1D001368004EEC5E /* Debug */,
				964748AD1D001368004EEC5E /* Release */,
			);
			defaultConfigurationIsVisible = 0;
			defaultConfigurationName = Release;
		};
/* End XCConfigurationList section */
	};
	rootObject = 964748961D001368004EEC5E /* Project object */;
}
